PackratFormat: 1.4
PackratVersion: 0.4.8.1
RVersion: 3.3.1
Repos: CRAN=https://cran.rstudio.com/,
    CRANextra=http://www.stats.ox.ac.uk/pub/RWin

Package: BH
Source: CRAN
Version: 1.60.0-2
Hash: be2967bcff307e561d9ba17faf03205c

Package: DBI
Source: CRAN
Version: 0.5-1
Hash: 375869004db963f9915f2b8a49b4a718

Package: R6
Source: CRAN
Version: 2.2.0
Hash: 712773a3439bd32db5c40938e1a9aac2

Package: RColorBrewer
Source: CRAN
Version: 1.1-2
Hash: c0d56cd15034f395874c870141870c25

Package: RCurl
Source: CRAN
Version: 1.95-4.8
Hash: 79c7d5a8684e44e0e3426d3093aa7d90
Requires: bitops

Package: Rcpp
Source: CRAN
Version: 0.12.5
Hash: 625a95cb4ef523a77ad02e140b715db6

Package: Rttf2pt1
Source: CRAN
Version: 1.3.4
Hash: 4e454957bc4efd2dc8e2568ae1ff835d

Package: TTR
Source: CRAN
Version: 0.23-1
Hash: 4d137b2fd11667a413d92e31f106e839
Requires: xts, zoo

Package: XLConnect
Source: CRAN
Version: 0.2-12
Hash: e28b0b13acf0371eff425ebb3d88e251
Requires: XLConnectJars, rJava

Package: XLConnectJars
Source: CRAN
Version: 0.2-12
Hash: d2ecdcf98019e918f1d25ab31ab1e037
Requires: rJava

Package: apitools
Source: github
Version: 0.2
Hash: c5e749bb21852e9358de3ab115319b42
Requires: RCurl, dplyr, httr, jsonlite, lubridate, quantmod, readr,
    stringr
GithubRepo: apitools
GithubUsername: donboyd5
GithubRef: master
GithubSha1: 2caca8f85fda88dc1ae5d88178830e3a764388b9

Package: assertthat
Source: CRAN
Version: 0.1
Hash: 0afb92b59b02593c70ff8046700ba9d3

Package: base64enc
Source: CRAN
Version: 0.1-3
Hash: c590d29e555926af053055e23ee79efb

Package: bitops
Source: CRAN
Version: 1.0-6
Hash: 67d0775189fd0041d95abca618c5c07e

Package: broom
Source: CRAN
Version: 0.4.1
Hash: c90145ada2eac0128487c21ab2ac9c78
Requires: dplyr, plyr, psych, reshape2, stringr, tidyr

Package: caTools
Source: CRAN
Version: 1.17.1
Hash: 97cb6f6293cd18d17df77a6383cc6763
Requires: bitops

Package: chron
Source: CRAN
Version: 2.3-47
Hash: d25d96d908cd21080f24c89eed4c80a0

Package: colorspace
Source: CRAN
Version: 1.2-7
Hash: a5cf9920b36c0a171e1b04ffed1ace5a

Package: curl
Source: CRAN
Version: 2.1
Hash: e3d6a6a421b8418ae333894b6a16829f

Package: data.table
Source: CRAN
Version: 1.9.6
Hash: f92ef1f73afa43bf6fd69a22f3794abd
Requires: chron

Package: decrements
Source: github
Version: 0.1
Hash: 57a8f354ef7dd29b664a3eeb849db87e
GithubRepo: decrements
GithubUsername: donboyd5
GithubRef: master
GithubSha1: a53d2eb4cb09777ca95b8a94b07d4fe3fd675e5d

Package: devtools
Source: CRAN
Version: 1.12.0
Hash: bbad95109ae75cbb14099281cda43af2
Requires: digest, git2r, httr, jsonlite, memoise, rstudioapi, whisker,
    withr

Package: dichromat
Source: CRAN
Version: 2.0-0
Hash: 08eed0c80510af29bb15f840ccfe37ce

Package: digest
Source: CRAN
Version: 0.6.10
Hash: 87165608ca8aeb0958835c3c5b52b6b7

Package: doParallel
Source: CRAN
Version: 1.0.10
Hash: df91a7abfa938c06ad87b9a2b9269adb
Requires: foreach, iterators

Package: dplyr
Source: CRAN
Version: 0.5.0
Hash: bdfac738899f1f65b932f4c6f10c2cff
Requires: BH, DBI, R6, Rcpp, assertthat, lazyeval, magrittr, tibble

Package: evaluate
Source: CRAN
Version: 0.10
Hash: c3601a10c987d439e0c63ec635234a76
Requires: stringr

Package: extrafont
Source: CRAN
Version: 0.17
Hash: d9555d8cfe70b3372d066648400770b5
Requires: Rttf2pt1, extrafontdb

Package: extrafontdb
Source: CRAN
Version: 1.0
Hash: 72269616f582dc675c90ecd025af2754

Package: fof
Source: github
Version: 0.4
Hash: 66dd495fa91b4f341205cc48c8401552
GithubRepo: fof
GithubUsername: donboyd5
GithubRef: master
GithubSha1: c750d640e335f063dbc14a4cfb029b801a65b90a

Package: forcats
Source: CRAN
Version: 0.1.1
Hash: 7f93e560ba45f278e1d66df743747d2a
Requires: magrittr, tibble

Package: foreach
Source: CRAN
Version: 1.4.3
Hash: cd53ef4cf29dc59ce3f8c5c1af735fd1
Requires: iterators

Package: formatR
Source: CRAN
Version: 1.4
Hash: b2a47a2b91737978cf50ba95825a9cd1

Package: gdata
Source: CRAN
Version: 2.17.0
Hash: e7d520c2a9597b303f54499e3bd90644
Requires: gtools

Package: ggplot2
Source: CRAN
Version: 2.1.0
Hash: 50e297b0191179c39c7dcae0eff72b51
Requires: digest, gtable, plyr, reshape2, scales

Package: git2r
Source: CRAN
Version: 0.15.0
Hash: 92d5a9f3cba5e146b92a76dabbc29fbb

Package: gridExtra
Source: CRAN
Version: 2.2.1
Hash: 8f54b57d4b0598ed5b27e0eafe86a670
Requires: gtable

Package: gtable
Source: CRAN
Version: 0.2.0
Hash: cd78381a9d3fea966ac39bd0daaf5554

Package: gtools
Source: CRAN
Version: 3.5.0
Hash: 471b2e2452dfb30fdc1dd6f1b567925a

Package: haven
Source: CRAN
Version: 1.0.0
Hash: 8df8a4c1d730c25ce9a7f4431e21ad45
Requires: BH, Rcpp, hms, readr, tibble

Package: highr
Source: CRAN
Version: 0.6
Hash: aa3d5b7912b5fed4b546ed5cd2a1760b

Package: hms
Source: CRAN
Version: 0.2
Hash: c1b6ded8c65ae31a98d73a312b2e6574

Package: htmltools
Source: CRAN
Version: 0.3.5
Hash: 645c10ce7e6c8dbbedb358a829c41848
Requires: Rcpp, digest

Package: httr
Source: CRAN
Version: 1.2.1
Hash: 7de1f8f760441881804af7c1ff324340
Requires: R6, curl, jsonlite, mime, openssl

Package: iterators
Source: CRAN
Version: 1.0.8
Hash: 488b93c2a4166db0d15f1e8d882cb1d4

Package: jsonlite
Source: CRAN
Version: 1.1
Hash: 86d4b85b84421a4815f1bb4872e30ef4

Package: knitr
Source: CRAN
Version: 1.14
Hash: e7b411f5a5512295a260a45683fa0c4a
Requires: digest, evaluate, formatR, highr, markdown, stringr, yaml

Package: labeling
Source: CRAN
Version: 0.3
Hash: ecf589b42cd284b03a4beb9665482d3e

Package: lazyeval
Source: CRAN
Version: 0.2.0
Hash: 3d6e7608e65bbf5cb170dab1e3c9ed8b

Package: lubridate
Source: CRAN
Version: 1.6.0
Hash: b90f4cbefe0b3c545dd68b22c66a8a12
Requires: stringr

Package: magrittr
Source: CRAN
Version: 1.5
Hash: bdc4d48c3135e8f3b399536ddf160df4

Package: markdown
Source: CRAN
Version: 0.7.7
Hash: fea2343a1119d61b0cc5c0a950d103a3
Requires: mime

Package: memoise
Source: CRAN
Version: 1.0.0
Hash: 56e7087c3559eb7ba72a9afb349bf896
Requires: digest

Package: microbenchmark
Source: CRAN
Version: 1.4-2.1
Hash: 848513312615c5865b44037f84759690
Requires: ggplot2

Package: mime
Source: CRAN
Version: 0.5
Hash: 463550cf44fb6f0a2359368f42eebe62

Package: mnormt
Source: CRAN
Version: 1.5-5
Hash: d0d5efbb1fb26d2dc5f9394c223084b5

Package: modelr
Source: CRAN
Version: 0.1.0
Hash: 7c9848bf4d734f38b8ce91022d8de949
Requires: broom, dplyr, lazyeval, magrittr, purrr, tibble, tidyr

Package: munsell
Source: CRAN
Version: 0.4.3
Hash: f96d896947fcaf9b6d0074002e9f4f9d
Requires: colorspace

Package: openssl
Source: CRAN
Version: 0.9.4
Hash: 5ceb5d83bba44e8e5a764ac6ad32e9fb

Package: packrat
Source: CRAN
Version: 0.4.8-1
Hash: 6ad605ba7b4b476d84be6632393f5765

Package: pdata
Source: github
Version: 0.1
Hash: 2a87ef881ae17dc03be03e24cf819ae4
GithubRepo: pdata
GithubUsername: donboyd5
GithubRef: master
GithubSha1: a03bc6ba6fb653ffca9e04912a187cefcbc8eeb0

Package: plyr
Source: CRAN
Version: 1.8.4
Hash: 9710078c5fd126420ec039be1db44994
Requires: Rcpp

Package: pp.prototypes
Source: github
Version: 0.1
Hash: aff14a0fb371db16d88ad93be3e5d2e7
GithubRepo: pp.prototypes
GithubUsername: donboyd5
GithubRef: master
GithubSha1: ca7baa9edbfb3d386e7ea06b1e08f1daffb44dc0

Package: psych
Source: CRAN
Version: 1.6.9
Hash: 663c0ab3af51e3b685a10d7d12d7078f
Requires: mnormt

Package: purrr
Source: CRAN
Version: 0.2.2
Hash: 2b1411c2e4c01eed69fb5ea3818a8d71
Requires: BH, Rcpp, dplyr, lazyeval, magrittr

Package: quantmod
Source: CRAN
Version: 0.4-6
Hash: acf4e0fd148421ecbe51e84b95998447
Requires: TTR, xts, zoo

Package: rJava
Source: CRAN
Version: 0.9-8
Hash: 3e8627a2a5bd45c9bad6112acfc231d9

Package: readr
Source: CRAN
Version: 1.0.0
Hash: ac2f093846ba849256eff27c91701639
Requires: BH, R6, Rcpp, curl, hms, tibble

Package: readxl
Source: CRAN
Version: 0.1.1
Hash: 92417d60a200a0f92fc8c4697105c3ff
Requires: Rcpp

Package: reshape2
Source: CRAN
Version: 1.4.1
Hash: 4c341beb363831f5320f678f7f1b679d
Requires: Rcpp, plyr, stringr

Package: rmarkdown
Source: CRAN
Version: 1.1
Hash: d0e9f583d85019c99a171b094979fcb3
Requires: base64enc, caTools, evaluate, htmltools, jsonlite, knitr,
    tibble, yaml

Package: rstudioapi
Source: CRAN
Version: 0.6
Hash: fd256f8bfb9a64cc35f98b0decb1a79f

Package: rvest
Source: CRAN
Version: 0.3.2
Hash: c69f7526520bad66fd2111ebe8b1364b
Requires: httr, magrittr, selectr, xml2

Package: scales
Source: CRAN
Version: 0.4.0
Hash: bce90b73946711302c29ceabdb08241c
Requires: RColorBrewer, Rcpp, dichromat, labeling, munsell, plyr

Package: selectr
Source: CRAN
Version: 0.3-0
Hash: 405f00513f6b52d170ddd713d12e9ab9
Requires: stringr

Package: stringi
Source: CRAN
Version: 1.1.2
Hash: 1ad6b1cc11d982ac233bf2fa2f7c9684

Package: stringr
Source: CRAN
Version: 1.1.0
Hash: 4d21d0063b37a17ea18eaec6acd29bf3
Requires: magrittr, stringi

Package: tibble
Source: CRAN
Version: 1.2
Hash: ec8ab3ea451edb7e4902224815128936
Requires: Rcpp, assertthat, lazyeval

Package: tidyr
Source: CRAN
Version: 0.6.0
Hash: 104c57440fdbb58363678d23c629ba47
Requires: Rcpp, dplyr, lazyeval, magrittr, stringi, tibble

Package: tidyverse
Source: CRAN
Version: 1.0.0
Hash: 7adbfd73ba78f6c97f54e45df607850a
Requires: DBI, broom, dplyr, forcats, ggplot2, haven, hms, httr,
    jsonlite, lubridate, magrittr, modelr, purrr, readr, readxl, rvest,
    stringr, tibble, tidyr, xml2

Package: whisker
Source: CRAN
Version: 0.3-2
Hash: 803d662762e532705c2c066a82d066e7

Package: withr
Source: CRAN
Version: 1.0.2
Hash: 774eb7be9087cdc24b53b74e5359cfac

Package: xlsx
Source: CRAN
Version: 0.5.7
Hash: 6acda2cf5190bf93d0b24c5a40b564cf
Requires: rJava, xlsxjars

Package: xlsxjars
Source: CRAN
Version: 0.6.1
Hash: 3902149dad80bcb14fcd88d8c7fd7f3b
Requires: rJava

Package: xml2
Source: CRAN
Version: 1.0.0
Hash: 115dce64d9d154b13ded64dcc17ca83d
Requires: BH, Rcpp

Package: xts
Source: CRAN
Version: 0.9-7
Hash: fb3f81d7a2fa2323879b6b49722ddc5e
Requires: zoo

Package: yaml
Source: CRAN
Version: 2.1.13
Hash: 4854ccabebc225e8a7309fb4a74980de

Package: zoo
Source: CRAN
Version: 1.7-13
Hash: 5e9d37229de4b68b9a5e09a619e0f9b6
